
Microsoft Visual Studio Solution File, Format Version 12.00
# Visual Studio 2013
VisualStudioVersion = 12.0.31101.0
MinimumVisualStudioVersion = 10.0.40219.1
Project("{FAE04EC0-301F-11D3-BF4B-00C04F79EFBC}") = "rpmkit", "rpmkit\rpmkit.csproj", "{EAC20B46-89A7-4069-A572-FC6D7B26746A}"
EndProject
Global
	GlobalSection(SolutionConfigurationPlatforms) = preSolution
		Debug|Any CPU = Debug|Any CPU
		Release|Any CPU = Release|Any CPU
	EndGlobalSection
	GlobalSection(ProjectConfigurationPlatforms) = postSolution
		{EAC20B46-89A7-4069-A572-FC6D7B26746A}.Debug|Any CPU.ActiveCfg = Debug|Any CPU
		{EAC20B46-89A7-4069-A572-FC6D7B26746A}.Debug|Any CPU.Build.0 = Debug|Any CPU
		{EAC20B46-89A7-4069-A572-FC6D7B26746A}.Release|Any CPU.ActiveCfg = Release|Any CPU
		{EAC20B46-89A7-4069-A572-FC6D7B26746A}.Release|Any CPU.Build.0 = Release|Any CPU
	EndGlobalSection
	GlobalSection(SolutionProperties) = preSolution
		HideSolutionNode = FALSE
	EndGlobalSection
EndGlobal
